// !$*UTF8*$!
{
	archiveVersion = 1;
	classes = {
	};
	objectVersion = 48;
	objects = {

/* Begin PBXBuildFile section */
		C7C47F6E2050944500334141 /* AppDelegate.swift in Sources */ = {isa = PBXBuildFile; fileRef = C7C47F6D2050944500334141 /* AppDelegate.swift */; };
		C7C47F702050944500334141 /* ViewController.swift in Sources */ = {isa = PBXBuildFile; fileRef = C7C47F6F2050944500334141 /* ViewController.swift */; };
		C7C47F732050944500334141 /* Main.storyboard in Resources */ = {isa = PBXBuildFile; fileRef = C7C47F712050944500334141 /* Main.storyboard */; };
		C7C47F752050944500334141 /* Assets.xcassets in Resources */ = {isa = PBXBuildFile; fileRef = C7C47F742050944500334141 /* Assets.xcassets */; };
		C7C47F782050944500334141 /* LaunchScreen.storyboard in Resources */ = {isa = PBXBuildFile; fileRef = C7C47F762050944500334141 /* LaunchScreen.storyboard */; };
		C7C47F832050944500334141 /* TMDB_TestTests.swift in Sources */ = {isa = PBXBuildFile; fileRef = C7C47F822050944500334141 /* TMDB_TestTests.swift */; };
		C7C47F8E2050944500334141 /* TMDB_TestUITests.swift in Sources */ = {isa = PBXBuildFile; fileRef = C7C47F8D2050944500334141 /* TMDB_TestUITests.swift */; };
/* End PBXBuildFile section */

/* Begin PBXContainerItemProxy section */
		C7C47F7F2050944500334141 /* PBXContainerItemProxy */ = {
			isa = PBXContainerItemProxy;
			containerPortal = C7C47F622050944500334141 /* Project object */;
			proxyType = 1;
			remoteGlobalIDString = C7C47F692050944500334141;
			remoteInfo = "TMDB Test";
		};
		C7C47F8A2050944500334141 /* PBXContainerItemProxy */ = {
			isa = PBXContainerItemProxy;
			containerPortal = C7C47F622050944500334141 /* Project object */;
			proxyType = 1;
			remoteGlobalIDString = C7C47F692050944500334141;
			remoteInfo = "TMDB Test";
		};
/* End PBXContainerItemProxy section */

/* Begin PBXFileReference section */
		C7C47F6A2050944500334141 /* TMDB Test.app */ = {isa = PBXFileReference; explicitFileType = wrapper.application; includeInIndex = 0; path = "TMDB Test.app"; sourceTree = BUILT_PRODUCTS_DIR; };
		C7C47F6D2050944500334141 /* AppDelegate.swift */ = {isa = PBXFileReference; lastKnownFileType = sourcecode.swift; path = AppDelegate.swift; sourceTree = "<group>"; };
		C7C47F6F2050944500334141 /* ViewController.swift */ = {isa = PBXFileReference; lastKnownFileType = sourcecode.swift; path = ViewController.swift; sourceTree = "<group>"; };
		C7C47F722050944500334141 /* Base */ = {isa = PBXFileReference; lastKnownFileType = file.storyboard; name = Base; path = Base.lproj/Main.storyboard; sourceTree = "<group>"; };
		C7C47F742050944500334141 /* Assets.xcassets */ = {isa = PBXFileReference; lastKnownFileType = folder.assetcatalog; path = Assets.xcassets; sourceTree = "<group>"; };
		C7C47F772050944500334141 /* Base */ = {isa = PBXFileReference; lastKnownFileType = file.storyboard; name = Base; path = Base.lproj/LaunchScreen.storyboard; sourceTree = "<group>"; };
		C7C47F792050944500334141 /* Info.plist */ = {isa = PBXFileReference; lastKnownFileType = text.plist.xml; path = Info.plist; sourceTree = "<group>"; };
		C7C47F7E2050944500334141 /* TMDB TestTests.xctest */ = {isa = PBXFileReference; explicitFileType = wrapper.cfbundle; includeInIndex = 0; path = "TMDB TestTests.xctest"; sourceTree = BUILT_PRODUCTS_DIR; };
		C7C47F822050944500334141 /* TMDB_TestTests.swift */ = {isa = PBXFileReference; lastKnownFileType = sourcecode.swift; path = TMDB_TestTests.swift; sourceTree = "<group>"; };
		C7C47F842050944500334141 /* Info.plist */ = {isa = PBXFileReference; lastKnownFileType = text.plist.xml; path = Info.plist; sourceTree = "<group>"; };
		C7C47F892050944500334141 /* TMDB TestUITests.xctest */ = {isa = PBXFileReference; explicitFileType = wrapper.cfbundle; includeInIndex = 0; path = "TMDB TestUITests.xctest"; sourceTree = BUILT_PRODUCTS_DIR; };
		C7C47F8D2050944500334141 /* TMDB_TestUITests.swift */ = {isa = PBXFileReference; lastKnownFileType = sourcecode.swift; path = TMDB_TestUITests.swift; sourceTree = "<group>"; };
		C7C47F8F2050944500334141 /* Info.plist */ = {isa = PBXFileReference; lastKnownFileType = text.plist.xml; path = Info.plist; sourceTree = "<group>"; };
/* End PBXFileReference section */

/* Begin PBXFrameworksBuildPhase section */
		C7C47F672050944500334141 /* Frameworks */ = {
			isa = PBXFrameworksBuildPhase;
			buildActionMask = 2147483647;
			files = (
			);
			runOnlyForDeploymentPostprocessing = 0;
		};
		C7C47F7B2050944500334141 /* Frameworks */ = {
			isa = PBXFrameworksBuildPhase;
			buildActionMask = 2147483647;
			files = (
			);
			runOnlyForDeploymentPostprocessing = 0;
		};
		C7C47F862050944500334141 /* Frameworks */ = {
			isa = PBXFrameworksBuildPhase;
			buildActionMask = 2147483647;
			files = (
			);
			runOnlyForDeploymentPostprocessing = 0;
		};
/* End PBXFrameworksBuildPhase section */

/* Begin PBXGroup section */
		C7C47F612050944500334141 = {
			isa = PBXGroup;
			children = (
				C7C47F6C2050944500334141 /* TMDB Test */,
				C7C47F812050944500334141 /* TMDB TestTests */,
				C7C47F8C2050944500334141 /* TMDB TestUITests */,
				C7C47F6B2050944500334141 /* Products */,
			);
			sourceTree = "<group>";
		};
		C7C47F6B2050944500334141 /* Products */ = {
			isa = PBXGroup;
			children = (
				C7C47F6A2050944500334141 /* TMDB Test.app */,
				C7C47F7E2050944500334141 /* TMDB TestTests.xctest */,
				C7C47F892050944500334141 /* TMDB TestUITests.xctest */,
			);
			name = Products;
			sourceTree = "<group>";
		};
		C7C47F6C2050944500334141 /* TMDB Test */ = {
			isa = PBXGroup;
			children = (
				C7C47F6D2050944500334141 /* AppDelegate.swift */,
				C7C47F6F2050944500334141 /* ViewController.swift */,
				C7C47F712050944500334141 /* Main.storyboard */,
				C7C47F742050944500334141 /* Assets.xcassets */,
				C7C47F762050944500334141 /* LaunchScreen.storyboard */,
				C7C47F792050944500334141 /* Info.plist */,
			);
			path = "TMDB Test";
			sourceTree = "<group>";
		};
		C7C47F812050944500334141 /* TMDB TestTests */ = {
			isa = PBXGroup;
			children = (
				C7C47F822050944500334141 /* TMDB_TestTests.swift */,
				C7C47F842050944500334141 /* Info.plist */,
			);
			path = "TMDB TestTests";
			sourceTree = "<group>";
		};
		C7C47F8C2050944500334141 /* TMDB TestUITests */ = {
			isa = PBXGroup;
			children = (
				C7C47F8D2050944500334141 /* TMDB_TestUITests.swift */,
				C7C47F8F2050944500334141 /* Info.plist */,
			);
			path = "TMDB TestUITests";
			sourceTree = "<group>";
		};
/* End PBXGroup section */

/* Begin PBXNativeTarget section */
		C7C47F692050944500334141 /* TMDB Test */ = {
			isa = PBXNativeTarget;
			buildConfigurationList = C7C47F922050944500334141 /* Build configuration list for PBXNativeTarget "TMDB Test" */;
			buildPhases = (
				C7C47F662050944500334141 /* Sources */,
				C7C47F672050944500334141 /* Frameworks */,
				C7C47F682050944500334141 /* Resources */,
			);
			buildRules = (
			);
			dependencies = (
			);
			name = "TMDB Test";
			productName = "TMDB Test";
			productReference = C7C47F6A2050944500334141 /* TMDB Test.app */;
			productType = "com.apple.product-type.application";
		};
		C7C47F7D2050944500334141 /* TMDB TestTests */ = {
			isa = PBXNativeTarget;
			buildConfigurationList = C7C47F952050944500334141 /* Build configuration list for PBXNativeTarget "TMDB TestTests" */;
			buildPhases = (
				C7C47F7A2050944500334141 /* Sources */,
				C7C47F7B2050944500334141 /* Frameworks */,
				C7C47F7C2050944500334141 /* Resources */,
			);
			buildRules = (
			);
			dependencies = (
				C7C47F802050944500334141 /* PBXTargetDependency */,
			);
			name = "TMDB TestTests";
			productName = "TMDB TestTests";
			productReference = C7C47F7E2050944500334141 /* TMDB TestTests.xctest */;
			productType = "com.apple.product-type.bundle.unit-test";
		};
		C7C47F882050944500334141 /* TMDB TestUITests */ = {
			isa = PBXNativeTarget;
			buildConfigurationList = C7C47F982050944500334141 /* Build configuration list for PBXNativeTarget "TMDB TestUITests" */;
			buildPhases = (
				C7C47F852050944500334141 /* Sources */,
				C7C47F862050944500334141 /* Frameworks */,
				C7C47F872050944500334141 /* Resources */,
			);
			buildRules = (
			);
			dependencies = (
				C7C47F8B2050944500334141 /* PBXTargetDependency */,
			);
			name = "TMDB TestUITests";
			productName = "TMDB TestUITests";
			productReference = C7C47F892050944500334141 /* TMDB TestUITests.xctest */;
			productType = "com.apple.product-type.bundle.ui-testing";
		};
/* End PBXNativeTarget section */

/* Begin PBXProject section */
		C7C47F622050944500334141 /* Project object */ = {
			isa = PBXProject;
			attributes = {
				LastSwiftUpdateCheck = 0920;
				LastUpgradeCheck = 0920;
				ORGANIZATIONNAME = "Micah Lanier";
				TargetAttributes = {
					C7C47F692050944500334141 = {
						CreatedOnToolsVersion = 9.2;
						ProvisioningStyle = Automatic;
					};
					C7C47F7D2050944500334141 = {
						CreatedOnToolsVersion = 9.2;
						ProvisioningStyle = Automatic;
						TestTargetID = C7C47F692050944500334141;
					};
					C7C47F882050944500334141 = {
						CreatedOnToolsVersion = 9.2;
						ProvisioningStyle = Automatic;
						TestTargetID = C7C47F692050944500334141;
					};
				};
			};
			buildConfigurationList = C7C47F652050944500334141 /* Build configuration list for PBXProject "TMDB Test" */;
			compatibilityVersion = "Xcode 8.0";
			developmentRegion = en;
			hasScannedForEncodings = 0;
			knownRegions = (
				en,
				Base,
			);
			mainGroup = C7C47F612050944500334141;
			productRefGroup = C7C47F6B2050944500334141 /* Products */;
			projectDirPath = "";
			projectRoot = "";
			targets = (
				C7C47F692050944500334141 /* TMDB Test */,
				C7C47F7D2050944500334141 /* TMDB TestTests */,
				C7C47F882050944500334141 /* TMDB TestUITests */,
			);
		};
/* End PBXProject section */

/* Begin PBXResourcesBuildPhase section */
		C7C47F682050944500334141 /* Resources */ = {
			isa = PBXResourcesBuildPhase;
			buildActionMask = 2147483647;
			files = (
				C7C47F782050944500334141 /* LaunchScreen.storyboard in Resources */,
				C7C47F752050944500334141 /* Assets.xcassets in Resources */,
				C7C47F732050944500334141 /* Main.storyboard in Resources */,
			);
			runOnlyForDeploymentPostprocessing = 0;
		};
		C7C47F7C2050944500334141 /* Resources */ = {
			isa = PBXResourcesBuildPhase;
			buildActionMask = 2147483647;
			files = (
			);
			runOnlyForDeploymentPostprocessing = 0;
		};
		C7C47F872050944500334141 /* Resources */ = {
			isa = PBXResourcesBuildPhase;
			buildActionMask = 2147483647;
			files = (
			);
			runOnlyForDeploymentPostprocessing = 0;
		};
/* End PBXResourcesBuildPhase section */

/* Begin PBXSourcesBuildPhase section */
		C7C47F662050944500334141 /* Sources */ = {
			isa = PBXSourcesBuildPhase;
			buildActionMask = 2147483647;
			files = (
				C7C47F702050944500334141 /* ViewController.swift in Sources */,
				C7C47F6E2050944500334141 /* AppDelegate.swift in Sources */,
			);
			runOnlyForDeploymentPostprocessing = 0;
		};
		C7C47F7A2050944500334141 /* Sources */ = {
			isa = PBXSourcesBuildPhase;
			buildActionMask = 2147483647;
			files = (
				C7C47F832050944500334141 /* TMDB_TestTests.swift in Sources */,
			);
			runOnlyForDeploymentPostprocessing = 0;
		};
		C7C47F852050944500334141 /* Sources */ = {
			isa = PBXSourcesBuildPhase;
			buildActionMask = 2147483647;
			files = (
				C7C47F8E2050944500334141 /* TMDB_TestUITests.swift in Sources */,
			);
			runOnlyForDeploymentPostprocessing = 0;
		};
/* End PBXSourcesBuildPhase section */

/* Begin PBXTargetDependency section */
		C7C47F802050944500334141 /* PBXTargetDependency */ = {
			isa = PBXTargetDependency;
			target = C7C47F692050944500334141 /* TMDB Test */;
			targetProxy = C7C47F7F2050944500334141 /* PBXContainerItemProxy */;
		};
		C7C47F8B2050944500334141 /* PBXTargetDependency */ = {
			isa = PBXTargetDependency;
			target = C7C47F692050944500334141 /* TMDB Test */;
			targetProxy = C7C47F8A2050944500334141 /* PBXContainerItemProxy */;
		};
/* End PBXTargetDependency section */

/* Begin PBXVariantGroup section */
		C7C47F712050944500334141 /* Main.storyboard */ = {
			isa = PBXVariantGroup;
			children = (
				C7C47F722050944500334141 /* Base */,
			);
			name = Main.storyboard;
			sourceTree = "<group>";
		};
		C7C47F762050944500334141 /* LaunchScreen.storyboard */ = {
			isa = PBXVariantGroup;
			children = (
				C7C47F772050944500334141 /* Base */,
			);
			name = LaunchScreen.storyboard;
			sourceTree = "<group>";
		};
/* End PBXVariantGroup section */

/* Begin XCBuildConfiguration section */
		C7C47F902050944500334141 /* Debug */ = {
			isa = XCBuildConfiguration;
			buildSettings = {
				ALWAYS_SEARCH_USER_PATHS = NO;
				CLANG_ANALYZER_NONNULL = YES;
				CLANG_ANALYZER_NUMBER_OBJECT_CONVERSION = YES_AGGRESSIVE;
				CLANG_CXX_LANGUAGE_STANDARD = "gnu++14";
				CLANG_CXX_LIBRARY = "libc++";
				CLANG_ENABLE_MODULES = YES;
				CLANG_ENABLE_OBJC_ARC = YES;
				CLANG_WARN_BLOCK_CAPTURE_AUTORELEASING = YES;
				CLANG_WARN_BOOL_CONVERSION = YES;
				CLANG_WARN_COMMA = YES;
				CLANG_WARN_CONSTANT_CONVERSION = YES;
				CLANG_WARN_DIRECT_OBJC_ISA_USAGE = YES_ERROR;
				CLANG_WARN_DOCUMENTATION_COMMENTS = YES;
				CLANG_WARN_EMPTY_BODY = YES;
				CLANG_WARN_ENUM_CONVERSION = YES;
				CLANG_WARN_INFINITE_RECURSION = YES;
				CLANG_WARN_INT_CONVERSION = YES;
				CLANG_WARN_NON_LITERAL_NULL_CONVERSION = YES;
				CLANG_WARN_OBJC_LITERAL_CONVERSION = YES;
				CLANG_WARN_OBJC_ROOT_CLASS = YES_ERROR;
				CLANG_WARN_RANGE_LOOP_ANALYSIS = YES;
				CLANG_WARN_STRICT_PROTOTYPES = YES;
				CLANG_WARN_SUSPICIOUS_MOVE = YES;
				CLANG_WARN_UNGUARDED_AVAILABILITY = YES_AGGRESSIVE;
				CLANG_WARN_UNREACHABLE_CODE = YES;
				CLANG_WARN__DUPLICATE_METHOD_MATCH = YES;
				CODE_SIGN_IDENTITY = "iPhone Developer";
				COPY_PHASE_STRIP = NO;
				DEBUG_INFORMATION_FORMAT = dwarf;
				ENABLE_STRICT_OBJC_MSGSEND = YES;
				ENABLE_TESTABILITY = YES;
				GCC_C_LANGUAGE_STANDARD = gnu11;
				GCC_DYNAMIC_NO_PIC = NO;
				GCC_NO_COMMON_BLOCKS = YES;
				GCC_OPTIMIZATION_LEVEL = 0;
				GCC_PREPROCESSOR_DEFINITIONS = (
					"DEBUG=1",
					"$(inherited)",
				);
				GCC_WARN_64_TO_32_BIT_CONVERSION = YES;
				GCC_WARN_ABOUT_RETURN_TYPE = YES_ERROR;
				GCC_WARN_UNDECLARED_SELECTOR = YES;
				GCC_WARN_UNINITIALIZED_AUTOS = YES_AGGRESSIVE;
				GCC_WARN_UNUSED_FUNCTION = YES;
				GCC_WARN_UNUSED_VARIABLE = YES;
				IPHONEOS_DEPLOYMENT_TARGET = 11.2;
				MTL_ENABLE_DEBUG_INFO = YES;
				ONLY_ACTIVE_ARCH = YES;
				SDKROOT = iphoneos;
				SWIFT_ACTIVE_COMPILATION_CONDITIONS = DEBUG;
				SWIFT_OPTIMIZATION_LEVEL = "-Onone";
			};
			name = Debug;
		};
		C7C47F912050944500334141 /* Release */ = {
			isa = XCBuildConfiguration;
			buildSettings = {
				ALWAYS_SEARCH_USER_PATHS = NO;
				CLANG_ANALYZER_NONNULL = YES;
				CLANG_ANALYZER_NUMBER_OBJECT_CONVERSION = YES_AGGRESSIVE;
				CLANG_CXX_LANGUAGE_STANDARD = "gnu++14";
				CLANG_CXX_LIBRARY = "libc++";
				CLANG_ENABLE_MODULES = YES;
				CLANG_ENABLE_OBJC_ARC = YES;
				CLANG_WARN_BLOCK_CAPTURE_AUTORELEASING = YES;
				CLANG_WARN_BOOL_CONVERSION = YES;
				CLANG_WARN_COMMA = YES;
				CLANG_WARN_CONSTANT_CONVERSION = YES;
				CLANG_WARN_DIRECT_OBJC_ISA_USAGE = YES_ERROR;
				CLANG_WARN_DOCUMENTATION_COMMENTS = YES;
				CLANG_WARN_EMPTY_BODY = YES;
				CLANG_WARN_ENUM_CONVERSION = YES;
				CLANG_WARN_INFINITE_RECURSION = YES;
				CLANG_WARN_INT_CONVERSION = YES;
				CLANG_WARN_NON_LITERAL_NULL_CONVERSION = YES;
				CLANG_WARN_OBJC_LITERAL_CONVERSION = YES;
				CLANG_WARN_OBJC_ROOT_CLASS = YES_ERROR;
				CLANG_WARN_RANGE_LOOP_ANALYSIS = YES;
				CLANG_WARN_STRICT_PROTOTYPES = YES;
				CLANG_WARN_SUSPICIOUS_MOVE = YES;
				CLANG_WARN_UNGUARDED_AVAILABILITY = YES_AGGRESSIVE;
				CLANG_WARN_UNREACHABLE_CODE = YES;
				CLANG_WARN__DUPLICATE_METHOD_MATCH = YES;
				CODE_SIGN_IDENTITY = "iPhone Developer";
				COPY_PHASE_STRIP = NO;
				DEBUG_INFORMATION_FORMAT = "dwarf-with-dsym";
				ENABLE_NS_ASSERTIONS = NO;
				ENABLE_STRICT_OBJC_MSGSEND = YES;
				GCC_C_LANGUAGE_STANDARD = gnu11;
				GCC_NO_COMMON_BLOCKS = YES;
				GCC_WARN_64_TO_32_BIT_CONVERSION = YES;
				GCC_WARN_ABOUT_RETURN_TYPE = YES_ERROR;
				GCC_WARN_UNDECLARED_SELECTOR = YES;
				GCC_WARN_UNINITIALIZED_AUTOS = YES_AGGRESSIVE;
				GCC_WARN_UNUSED_FUNCTION = YES;
				GCC_WARN_UNUSED_VARIABLE = YES;
				IPHONEOS_DEPLOYMENT_TARGET = 11.2;
				MTL_ENABLE_DEBUG_INFO = NO;
				SDKROOT = iphoneos;
				SWIFT_OPTIMIZATION_LEVEL = "-Owholemodule";
				VALIDATE_PRODUCT = YES;
			};
			name = Release;
		};
		C7C47F932050944500334141 /* Debug */ = {
			isa = XCBuildConfiguration;
			buildSettings = {
				ASSETCATALOG_COMPILER_APPICON_NAME = AppIcon;
				CODE_SIGN_STYLE = Automatic;
				DEVELOPMENT_TEAM = NUN6ZLGGLC;
				INFOPLIST_FILE = "TMDB Test/Info.plist";
				LD_RUNPATH_SEARCH_PATHS = "$(inherited) @executable_path/Frameworks";
				PRODUCT_BUNDLE_IDENTIFIER = "com.micahlanier.TMDB-Test";
				PRODUCT_NAME = "$(TARGET_NAME)";
				SWIFT_VERSION = 4.0;
				TARGETED_DEVICE_FAMILY = "1,2";
			};
			name = Debug;
		};
		C7C47F942050944500334141 /* Release */ = {
			isa = XCBuildConfiguration;
			buildSettings = {
				ASSETCATALOG_COMPILER_APPICON_NAME = AppIcon;
				CODE_SIGN_STYLE = Automatic;
				DEVELOPMENT_TEAM = NUN6ZLGGLC;
				INFOPLIST_FILE = "TMDB Test/Info.plist";
				LD_RUNPATH_SEARCH_PATHS = "$(inherited) @executable_path/Frameworks";
				PRODUCT_BUNDLE_IDENTIFIER = "com.micahlanier.TMDB-Test";
				PRODUCT_NAME = "$(TARGET_NAME)";
				SWIFT_VERSION = 4.0;
				TARGETED_DEVICE_FAMILY = "1,2";
			};
			name = Release;
		};
		C7C47F962050944500334141 /* Debug */ = {
			isa = XCBuildConfiguration;
			buildSettings = {
				ALWAYS_EMBED_SWIFT_STANDARD_LIBRARIES = YES;
				BUNDLE_LOADER = "$(TEST_HOST)";
				CODE_SIGN_STYLE = Automatic;
				DEVELOPMENT_TEAM = NUN6ZLGGLC;
				INFOPLIST_FILE = "TMDB TestTests/Info.plist";
				LD_RUNPATH_SEARCH_PATHS = "$(inherited) @executable_path/Frameworks @loader_path/Frameworks";
				PRODUCT_BUNDLE_IDENTIFIER = "com.micahlanier.TMDB-TestTests";
				PRODUCT_NAME = "$(TARGET_NAME)";
				SWIFT_VERSION = 4.0;
				TARGETED_DEVICE_FAMILY = "1,2";
				TEST_HOST = "$(BUILT_PRODUCTS_DIR)/TMDB Test.app/TMDB Test";
			};
			name = Debug;
		};
		C7C47F972050944500334141 /* Release */ = {
			isa = XCBuildConfiguration;
			buildSettings = {
				ALWAYS_EMBED_SWIFT_STANDARD_LIBRARIES = YES;
				BUNDLE_LOADER = "$(TEST_HOST)";
				CODE_SIGN_STYLE = Automatic;
				DEVELOPMENT_TEAM = NUN6ZLGGLC;
				INFOPLIST_FILE = "TMDB TestTests/Info.plist";
				LD_RUNPATH_SEARCH_PATHS = "$(inherited) @executable_path/Frameworks @loader_path/Frameworks";
				PRODUCT_BUNDLE_IDENTIFIER = "com.micahlanier.TMDB-TestTests";
				PRODUCT_NAME = "$(TARGET_NAME)";
				SWIFT_VERSION = 4.0;
				TARGETED_DEVICE_FAMILY = "1,2";
				TEST_HOST = "$(BUILT_PRODUCTS_DIR)/TMDB Test.app/TMDB Test";
			};
			name = Release;
		};
		C7C47F992050944500334141 /* Debug */ = {
			isa = XCBuildConfiguration;
			buildSettings = {
				ALWAYS_EMBED_SWIFT_STANDARD_LIBRARIES = YES;
				CODE_SIGN_STYLE = Automatic;
				DEVELOPMENT_TEAM = NUN6ZLGGLC;
				INFOPLIST_FILE = "TMDB TestUITests/Info.plist";
				LD_RUNPATH_SEARCH_PATHS = "$(inherited) @executable_path/Frameworks @loader_path/Frameworks";
				PRODUCT_BUNDLE_IDENTIFIER = "com.micahlanier.TMDB-TestUITests";
				PRODUCT_NAME = "$(TARGET_NAME)";
				SWIFT_VERSION = 4.0;
				TARGETED_DEVICE_FAMILY = "1,2";
				TEST_TARGET_NAME = "TMDB Test";
			};
			name = Debug;
		};
		C7C47F9A2050944500334141 /* Release */ = {
			isa = XCBuildConfiguration;
			buildSettings = {
				ALWAYS_EMBED_SWIFT_STANDARD_LIBRARIES = YES;
				CODE_SIGN_STYLE = Automatic;
				DEVELOPMENT_TEAM = NUN6ZLGGLC;
				INFOPLIST_FILE = "TMDB TestUITests/Info.plist";
				LD_RUNPATH_SEARCH_PATHS = "$(inherited) @executable_path/Frameworks @loader_path/Frameworks";
				PRODUCT_BUNDLE_IDENTIFIER = "com.micahlanier.TMDB-TestUITests";
				PRODUCT_NAME = "$(TARGET_NAME)";
				SWIFT_VERSION = 4.0;
				TARGETED_DEVICE_FAMILY = "1,2";
				TEST_TARGET_NAME = "TMDB Test";
			};
			name = Release;
		};
/* End XCBuildConfiguration section */

/* Begin XCConfigurationList section */
		C7C47F652050944500334141 /* Build configuration list for PBXProject "TMDB Test" */ = {
			isa = XCConfigurationList;
			buildConfigurations = (
				C7C47F902050944500334141 /* Debug */,
				C7C47F912050944500334141 /* Release */,
			);
			defaultConfigurationIsVisible = 0;
			defaultConfigurationName = Release;
		};
		C7C47F922050944500334141 /* Build configuration list for PBXNativeTarget "TMDB Test" */ = {
			isa = XCConfigurationList;
			buildConfigurations = (
				C7C47F932050944500334141 /* Debug */,
				C7C47F942050944500334141 /* Release */,
			);
			defaultConfigurationIsVisible = 0;
			defaultConfigurationName = Release;
		};
		C7C47F952050944500334141 /* Build configuration list for PBXNativeTarget "TMDB TestTests" */ = {
			isa = XCConfigurationList;
			buildConfigurations = (
				C7C47F962050944500334141 /* Debug */,
				C7C47F972050944500334141 /* Release */,
			);
			defaultConfigurationIsVisible = 0;
			defaultConfigurationName = Release;
		};
		C7C47F982050944500334141 /* Build configuration list for PBXNativeTarget "TMDB TestUITests" */ = {
			isa = XCConfigurationList;
			buildConfigurations = (
				C7C47F992050944500334141 /* Debug */,
				C7C47F9A2050944500334141 /* Release */,
			);
			defaultConfigurationIsVisible = 0;
			defaultConfigurationName = Release;
		};
/* End XCConfigurationList section */
	};
	rootObject = C7C47F622050944500334141 /* Project object */;
}
